
Microsoft Visual Studio Solution File, Format Version 12.00
# Visual Studio Version 17
VisualStudioVersion = 17.14.37012.4
MinimumVisualStudioVersion = 10.0.40219.1
Project("{FAE04EC0-301F-11D3-BF4B-00C04F79EFBC}") = "AssetManagement.Api", "Src\AssetManagement.Api\AssetManagement.Api.csproj", "{5FD9487F-4AAA-BACB-81A7-0FB0C90E6102}"
EndProject
Project("{FAE04EC0-301F-11D3-BF4B-00C04F79EFBC}") = "AssetManagement.Application", "Src\AssetManagement.Application\AssetManagement.Application.csproj", "{CB04A5F3-36D6-6F29-0E54-98A0A5593E08}"
EndProject
Project("{FAE04EC0-301F-11D3-BF4B-00C04F79EFBC}") = "AssetManagement.Domain", "Src\AssetManagement.Domain\AssetManagement.Domain.csproj", "{28E6CE86-ACBE-2EA3-B149-D7B002E298E9}"
EndProject
Project("{FAE04EC0-301F-11D3-BF4B-00C04F79EFBC}") = "AssetManagement.Infrastructure", "Src\AssetManagement.Infrastructure\AssetManagement.Infrastructure.csproj", "{85A266E7-522F-6C5C-879E-86ADBC6B52BA}"
EndProject
Global
	GlobalSection(SolutionConfigurationPlatforms) = preSolution
		Debug|Any CPU = Debug|Any CPU
		Release|Any CPU = Release|Any CPU
	EndGlobalSection
	GlobalSection(ProjectConfigurationPlatforms) = postSolution
		{5FD9487F-4AAA-BACB-81A7-0FB0C90E6102}.Debug|Any CPU.ActiveCfg = Debug|Any CPU
		{5FD9487F-4AAA-BACB-81A7-0FB0C90E6102}.Debug|Any CPU.Build.0 = Debug|Any CPU
		{5FD9487F-4AAA-BACB-81A7-0FB0C90E6102}.Release|Any CPU.ActiveCfg = Release|Any CPU
		{5FD9487F-4AAA-BACB-81A7-0FB0C90E6102}.Release|Any CPU.Build.0 = Release|Any CPU
		{CB04A5F3-36D6-6F29-0E54-98A0A5593E08}.Debug|Any CPU.ActiveCfg = Debug|Any CPU
		{CB04A5F3-36D6-6F29-0E54-98A0A5593E08}.Debug|Any CPU.Build.0 = Debug|Any CPU
		{CB04A5F3-36D6-6F29-0E54-98A0A5593E08}.Release|Any CPU.ActiveCfg = Release|Any CPU
		{CB04A5F3-36D6-6F29-0E54-98A0A5593E08}.Release|Any CPU.Build.0 = Release|Any CPU
		{28E6CE86-ACBE-2EA3-B149-D7B002E298E9}.Debug|Any CPU.ActiveCfg = Debug|Any CPU
		{28E6CE86-ACBE-2EA3-B149-D7B002E298E9}.Debug|Any CPU.Build.0 = Debug|Any CPU
		{28E6CE86-ACBE-2EA3-B149-D7B002E298E9}.Release|Any CPU.ActiveCfg = Release|Any CPU
		{28E6CE86-ACBE-2EA3-B149-D7B002E298E9}.Release|Any CPU.Build.0 = Release|Any CPU
		{85A266E7-522F-6C5C-879E-86ADBC6B52BA}.Debug|Any CPU.ActiveCfg = Debug|Any CPU
		{85A266E7-522F-6C5C-879E-86ADBC6B52BA}.Debug|Any CPU.Build.0 = Debug|Any CPU
		{85A266E7-522F-6C5C-879E-86ADBC6B52BA}.Release|Any CPU.ActiveCfg = Release|Any CPU
		{85A266E7-522F-6C5C-879E-86ADBC6B52BA}.Release|Any CPU.Build.0 = Release|Any CPU
	EndGlobalSection
	GlobalSection(SolutionProperties) = preSolution
		HideSolutionNode = FALSE
	EndGlobalSection
	GlobalSection(ExtensibilityGlobals) = postSolution
		SolutionGuid = {3BCF1007-8177-4530-BD1E-447BA470EBA8}
	EndGlobalSection
EndGlobal
